PODS:
  - GPUImage (0.1.7)
  - MBProgressHUD (0.9.1)

DEPENDENCIES:
  - GPUImage
  - MBProgressHUD

SPEC CHECKSUMS:
  GPUImage: 733a5f0fab92df9de1c37ba9df520a833ccb406d
  MBProgressHUD: c47f2c166c126cf2ce36498d80f33e754d4e93ad

PODFILE CHECKSUM: aa7cc27862cbff57bebdc7148e4159591b4f8849

COCOAPODS: 1.0.1
